
Microsoft Visual Studio Solution File, Format Version 12.00
# Visual Studio Version 17
VisualStudioVersion = 17.11.35327.3
MinimumVisualStudioVersion = 10.0.40219.1
Project("{FAE04EC0-301F-11D3-BF4B-00C04F79EFBC}") = "DependencyInjectionBasic", "DependencyInjectionBasic\DependencyInjectionBasic.csproj", "{A129A5B1-BAB1-48DE-A843-18367BBD844A}"
EndProject
Global
	GlobalSection(SolutionConfigurationPlatforms) = preSolution
		Debug|Any CPU = Debug|Any CPU
		Release|Any CPU = Release|Any CPU
	EndGlobalSection
	GlobalSection(ProjectConfigurationPlatforms) = postSolution
		{A129A5B1-BAB1-48DE-A843-18367BBD844A}.Debug|Any CPU.ActiveCfg = Debug|Any CPU
		{A129A5B1-BAB1-48DE-A843-18367BBD844A}.Debug|Any CPU.Build.0 = Debug|Any CPU
		{A129A5B1-BAB1-48DE-A843-18367BBD844A}.Release|Any CPU.ActiveCfg = Release|Any CPU
		{A129A5B1-BAB1-48DE-A843-18367BBD844A}.Release|Any CPU.Build.0 = Release|Any CPU
	EndGlobalSection
	GlobalSection(SolutionProperties) = preSolution
		HideSolutionNode = FALSE
	EndGlobalSection
	GlobalSection(ExtensibilityGlobals) = postSolution
		SolutionGuid = {1C4A3A7C-4C5C-4254-A011-847DD0613989}
	EndGlobalSection
EndGlobal
